
Microsoft Visual Studio Solution File, Format Version 12.00
# Visual Studio Version 17
VisualStudioVersion = 17.9.34714.143
MinimumVisualStudioVersion = 10.0.40219.1
Project("{FAE04EC0-301F-11D3-BF4B-00C04F79EFBC}") = "ContainerVervoer", "ContainerVervoer\ContainerVervoer.csproj", "{9307CDB1-5254-44D8-9F33-7FE87F2E3057}"
EndProject
Global
	GlobalSection(SolutionConfigurationPlatforms) = preSolution
		Debug|Any CPU = Debug|Any CPU
		Release|Any CPU = Release|Any CPU
	EndGlobalSection
	GlobalSection(ProjectConfigurationPlatforms) = postSolution
		{9307CDB1-5254-44D8-9F33-7FE87F2E3057}.Debug|Any CPU.ActiveCfg = Debug|Any CPU
		{9307CDB1-5254-44D8-9F33-7FE87F2E3057}.Debug|Any CPU.Build.0 = Debug|Any CPU
		{9307CDB1-5254-44D8-9F33-7FE87F2E3057}.Release|Any CPU.ActiveCfg = Release|Any CPU
		{9307CDB1-5254-44D8-9F33-7FE87F2E3057}.Release|Any CPU.Build.0 = Release|Any CPU
	EndGlobalSection
	GlobalSection(SolutionProperties) = preSolution
		HideSolutionNode = FALSE
	EndGlobalSection
	GlobalSection(ExtensibilityGlobals) = postSolution
		SolutionGuid = {7893FB76-DC16-49ED-A427-0FD2A7376558}
	EndGlobalSection
EndGlobal
